
Microsoft Visual Studio Solution File, Format Version 12.00
# Visual Studio Version 17
VisualStudioVersion = 17.6.33723.286
MinimumVisualStudioVersion = 10.0.40219.1
Project("{FAE04EC0-301F-11D3-BF4B-00C04F79EFBC}") = "Multithreading", "Multithreading\Multithreading.csproj", "{A01E733B-57DF-4233-A89A-8F8B13B5B9E2}"
EndProject
Global
	GlobalSection(SolutionConfigurationPlatforms) = preSolution
		Debug|Any CPU = Debug|Any CPU
		Release|Any CPU = Release|Any CPU
	EndGlobalSection
	GlobalSection(ProjectConfigurationPlatforms) = postSolution
		{A01E733B-57DF-4233-A89A-8F8B13B5B9E2}.Debug|Any CPU.ActiveCfg = Debug|Any CPU
		{A01E733B-57DF-4233-A89A-8F8B13B5B9E2}.Debug|Any CPU.Build.0 = Debug|Any CPU
		{A01E733B-57DF-4233-A89A-8F8B13B5B9E2}.Release|Any CPU.ActiveCfg = Release|Any CPU
		{A01E733B-57DF-4233-A89A-8F8B13B5B9E2}.Release|Any CPU.Build.0 = Release|Any CPU
	EndGlobalSection
	GlobalSection(SolutionProperties) = preSolution
		HideSolutionNode = FALSE
	EndGlobalSection
	GlobalSection(ExtensibilityGlobals) = postSolution
		SolutionGuid = {EB4AF39C-C45E-4A87-8866-BD1BA1384A8E}
	EndGlobalSection
EndGlobal
